// !$*UTF8*$!
{
	archiveVersion = 1;
	classes = {
	};
	objectVersion = 46;
	objects = {

/* Begin PBXBuildFile section */
		9A2BF0A31F41B3FD00561ADB /* AppDelegate.swift in Sources */ = {isa = PBXBuildFile; fileRef = 9A2BF0A21F41B3FD00561ADB /* AppDelegate.swift */; };
		9A2BF0A51F41B3FD00561ADB /* ViewController.swift in Sources */ = {isa = PBXBuildFile; fileRef = 9A2BF0A41F41B3FD00561ADB /* ViewController.swift */; };
		9A2BF0A81F41B3FD00561ADB /* Main.storyboard in Resources */ = {isa = PBXBuildFile; fileRef = 9A2BF0A61F41B3FD00561ADB /* Main.storyboard */; };
		9A2BF0AA1F41B3FD00561ADB /* Assets.xcassets in Resources */ = {isa = PBXBuildFile; fileRef = 9A2BF0A91F41B3FD00561ADB /* Assets.xcassets */; };
		9A2BF0AD1F41B3FD00561ADB /* LaunchScreen.storyboard in Resources */ = {isa = PBXBuildFile; fileRef = 9A2BF0AB1F41B3FD00561ADB /* LaunchScreen.storyboard */; };
		9A2BF0B81F41B3FD00561ADB /* FuWanTests.swift in Sources */ = {isa = PBXBuildFile; fileRef = 9A2BF0B71F41B3FD00561ADB /* FuWanTests.swift */; };
		9A2BF0C31F41B3FD00561ADB /* FuWanUITests.swift in Sources */ = {isa = PBXBuildFile; fileRef = 9A2BF0C21F41B3FD00561ADB /* FuWanUITests.swift */; };
/* End PBXBuildFile section */

/* Begin PBXContainerItemProxy section */
		9A2BF0B41F41B3FD00561ADB /* PBXContainerItemProxy */ = {
			isa = PBXContainerItemProxy;
			containerPortal = 9A2BF0971F41B3FD00561ADB /* Project object */;
			proxyType = 1;
			remoteGlobalIDString = 9A2BF09E1F41B3FD00561ADB;
			remoteInfo = FuWan;
		};
		9A2BF0BF1F41B3FD00561ADB /* PBXContainerItemProxy */ = {
			isa = PBXContainerItemProxy;
			containerPortal = 9A2BF0971F41B3FD00561ADB /* Project object */;
			proxyType = 1;
			remoteGlobalIDString = 9A2BF09E1F41B3FD00561ADB;
			remoteInfo = FuWan;
		};
/* End PBXContainerItemProxy section */

/* Begin PBXFileReference section */
		9A2BF09F1F41B3FD00561ADB /* FuWan.app */ = {isa = PBXFileReference; explicitFileType = wrapper.application; includeInIndex = 0; path = FuWan.app; sourceTree = BUILT_PRODUCTS_DIR; };
		9A2BF0A21F41B3FD00561ADB /* AppDelegate.swift */ = {isa = PBXFileReference; lastKnownFileType = sourcecode.swift; path = AppDelegate.swift; sourceTree = "<group>"; };
		9A2BF0A41F41B3FD00561ADB /* ViewController.swift */ = {isa = PBXFileReference; lastKnownFileType = sourcecode.swift; path = ViewController.swift; sourceTree = "<group>"; };
		9A2BF0A71F41B3FD00561ADB /* Base */ = {isa = PBXFileReference; lastKnownFileType = file.storyboard; name = Base; path = Base.lproj/Main.storyboard; sourceTree = "<group>"; };
		9A2BF0A91F41B3FD00561ADB /* Assets.xcassets */ = {isa = PBXFileReference; lastKnownFileType = folder.assetcatalog; path = Assets.xcassets; sourceTree = "<group>"; };
		9A2BF0AC1F41B3FD00561ADB /* Base */ = {isa = PBXFileReference; lastKnownFileType = file.storyboard; name = Base; path = Base.lproj/LaunchScreen.storyboard; sourceTree = "<group>"; };
		9A2BF0AE1F41B3FD00561ADB /* Info.plist */ = {isa = PBXFileReference; lastKnownFileType = text.plist.xml; path = Info.plist; sourceTree = "<group>"; };
		9A2BF0B31F41B3FD00561ADB /* FuWanTests.xctest */ = {isa = PBXFileReference; explicitFileType = wrapper.cfbundle; includeInIndex = 0; path = FuWanTests.xctest; sourceTree = BUILT_PRODUCTS_DIR; };
		9A2BF0B71F41B3FD00561ADB /* FuWanTests.swift */ = {isa = PBXFileReference; lastKnownFileType = sourcecode.swift; path = FuWanTests.swift; sourceTree = "<group>"; };
		9A2BF0B91F41B3FD00561ADB /* Info.plist */ = {isa = PBXFileReference; lastKnownFileType = text.plist.xml; path = Info.plist; sourceTree = "<group>"; };
		9A2BF0BE1F41B3FD00561ADB /* FuWanUITests.xctest */ = {isa = PBXFileReference; explicitFileType = wrapper.cfbundle; includeInIndex = 0; path = FuWanUITests.xctest; sourceTree = BUILT_PRODUCTS_DIR; };
		9A2BF0C21F41B3FD00561ADB /* FuWanUITests.swift */ = {isa = PBXFileReference; lastKnownFileType = sourcecode.swift; path = FuWanUITests.swift; sourceTree = "<group>"; };
		9A2BF0C41F41B3FD00561ADB /* Info.plist */ = {isa = PBXFileReference; lastKnownFileType = text.plist.xml; path = Info.plist; sourceTree = "<group>"; };
/* End PBXFileReference section */

/* Begin PBXFrameworksBuildPhase section */
		9A2BF09C1F41B3FD00561ADB /* Frameworks */ = {
			isa = PBXFrameworksBuildPhase;
			buildActionMask = 2147483647;
			files = (
			);
			runOnlyForDeploymentPostprocessing = 0;
		};
		9A2BF0B01F41B3FD00561ADB /* Frameworks */ = {
			isa = PBXFrameworksBuildPhase;
			buildActionMask = 2147483647;
			files = (
			);
			runOnlyForDeploymentPostprocessing = 0;
		};
		9A2BF0BB1F41B3FD00561ADB /* Frameworks */ = {
			isa = PBXFrameworksBuildPhase;
			buildActionMask = 2147483647;
			files = (
			);
			runOnlyForDeploymentPostprocessing = 0;
		};
/* End PBXFrameworksBuildPhase section */

/* Begin PBXGroup section */
		9A2BF0961F41B3FD00561ADB = {
			isa = PBXGroup;
			children = (
				9A2BF0A11F41B3FD00561ADB /* FuWan */,
				9A2BF0B61F41B3FD00561ADB /* FuWanTests */,
				9A2BF0C11F41B3FD00561ADB /* FuWanUITests */,
				9A2BF0A01F41B3FD00561ADB /* Products */,
			);
			sourceTree = "<group>";
		};
		9A2BF0A01F41B3FD00561ADB /* Products */ = {
			isa = PBXGroup;
			children = (
				9A2BF09F1F41B3FD00561ADB /* FuWan.app */,
				9A2BF0B31F41B3FD00561ADB /* FuWanTests.xctest */,
				9A2BF0BE1F41B3FD00561ADB /* FuWanUITests.xctest */,
			);
			name = Products;
			sourceTree = "<group>";
		};
		9A2BF0A11F41B3FD00561ADB /* FuWan */ = {
			isa = PBXGroup;
			children = (
				9A2BF0A21F41B3FD00561ADB /* AppDelegate.swift */,
				9A2BF0A41F41B3FD00561ADB /* ViewController.swift */,
				9A2BF0A61F41B3FD00561ADB /* Main.storyboard */,
				9A2BF0A91F41B3FD00561ADB /* Assets.xcassets */,
				9A2BF0AB1F41B3FD00561ADB /* LaunchScreen.storyboard */,
				9A2BF0AE1F41B3FD00561ADB /* Info.plist */,
			);
			path = FuWan;
			sourceTree = "<group>";
		};
		9A2BF0B61F41B3FD00561ADB /* FuWanTests */ = {
			isa = PBXGroup;
			children = (
				9A2BF0B71F41B3FD00561ADB /* FuWanTests.swift */,
				9A2BF0B91F41B3FD00561ADB /* Info.plist */,
			);
			path = FuWanTests;
			sourceTree = "<group>";
		};
		9A2BF0C11F41B3FD00561ADB /* FuWanUITests */ = {
			isa = PBXGroup;
			children = (
				9A2BF0C21F41B3FD00561ADB /* FuWanUITests.swift */,
				9A2BF0C41F41B3FD00561ADB /* Info.plist */,
			);
			path = FuWanUITests;
			sourceTree = "<group>";
		};
/* End PBXGroup section */

/* Begin PBXNativeTarget section */
		9A2BF09E1F41B3FD00561ADB /* FuWan */ = {
			isa = PBXNativeTarget;
			buildConfigurationList = 9A2BF0C71F41B3FD00561ADB /* Build configuration list for PBXNativeTarget "FuWan" */;
			buildPhases = (
				9A2BF09B1F41B3FD00561ADB /* Sources */,
				9A2BF09C1F41B3FD00561ADB /* Frameworks */,
				9A2BF09D1F41B3FD00561ADB /* Resources */,
			);
			buildRules = (
			);
			dependencies = (
			);
			name = FuWan;
			productName = FuWan;
			productReference = 9A2BF09F1F41B3FD00561ADB /* FuWan.app */;
			productType = "com.apple.product-type.application";
		};
		9A2BF0B21F41B3FD00561ADB /* FuWanTests */ = {
			isa = PBXNativeTarget;
			buildConfigurationList = 9A2BF0CA1F41B3FD00561ADB /* Build configuration list for PBXNativeTarget "FuWanTests" */;
			buildPhases = (
				9A2BF0AF1F41B3FD00561ADB /* Sources */,
				9A2BF0B01F41B3FD00561ADB /* Frameworks */,
				9A2BF0B11F41B3FD00561ADB /* Resources */,
			);
			buildRules = (
			);
			dependencies = (
				9A2BF0B51F41B3FD00561ADB /* PBXTargetDependency */,
			);
			name = FuWanTests;
			productName = FuWanTests;
			productReference = 9A2BF0B31F41B3FD00561ADB /* FuWanTests.xctest */;
			productType = "com.apple.product-type.bundle.unit-test";
		};
		9A2BF0BD1F41B3FD00561ADB /* FuWanUITests */ = {
			isa = PBXNativeTarget;
			buildConfigurationList = 9A2BF0CD1F41B3FD00561ADB /* Build configuration list for PBXNativeTarget "FuWanUITests" */;
			buildPhases = (
				9A2BF0BA1F41B3FD00561ADB /* Sources */,
				9A2BF0BB1F41B3FD00561ADB /* Frameworks */,
				9A2BF0BC1F41B3FD00561ADB /* Resources */,
			);
			buildRules = (
			);
			dependencies = (
				9A2BF0C01F41B3FD00561ADB /* PBXTargetDependency */,
			);
			name = FuWanUITests;
			productName = FuWanUITests;
			productReference = 9A2BF0BE1F41B3FD00561ADB /* FuWanUITests.xctest */;
			productType = "com.apple.product-type.bundle.ui-testing";
		};
/* End PBXNativeTarget section */

/* Begin PBXProject section */
		9A2BF0971F41B3FD00561ADB /* Project object */ = {
			isa = PBXProject;
			attributes = {
				LastSwiftUpdateCheck = 0830;
				LastUpgradeCheck = 0830;
				ORGANIZATIONNAME = team;
				TargetAttributes = {
					9A2BF09E1F41B3FD00561ADB = {
						CreatedOnToolsVersion = 8.3.3;
						DevelopmentTeam = TJ953TM9QB;
						ProvisioningStyle = Automatic;
					};
					9A2BF0B21F41B3FD00561ADB = {
						CreatedOnToolsVersion = 8.3.3;
						DevelopmentTeam = TJ953TM9QB;
						ProvisioningStyle = Automatic;
						TestTargetID = 9A2BF09E1F41B3FD00561ADB;
					};
					9A2BF0BD1F41B3FD00561ADB = {
						CreatedOnToolsVersion = 8.3.3;
						DevelopmentTeam = TJ953TM9QB;
						ProvisioningStyle = Automatic;
						TestTargetID = 9A2BF09E1F41B3FD00561ADB;
					};
				};
			};
			buildConfigurationList = 9A2BF09A1F41B3FD00561ADB /* Build configuration list for PBXProject "FuWan" */;
			compatibilityVersion = "Xcode 3.2";
			developmentRegion = English;
			hasScannedForEncodings = 0;
			knownRegions = (
				en,
				Base,
			);
			mainGroup = 9A2BF0961F41B3FD00561ADB;
			productRefGroup = 9A2BF0A01F41B3FD00561ADB /* Products */;
			projectDirPath = "";
			projectRoot = "";
			targets = (
				9A2BF09E1F41B3FD00561ADB /* FuWan */,
				9A2BF0B21F41B3FD00561ADB /* FuWanTests */,
				9A2BF0BD1F41B3FD00561ADB /* FuWanUITests */,
			);
		};
/* End PBXProject section */

/* Begin PBXResourcesBuildPhase section */
		9A2BF09D1F41B3FD00561ADB /* Resources */ = {
			isa = PBXResourcesBuildPhase;
			buildActionMask = 2147483647;
			files = (
				9A2BF0AD1F41B3FD00561ADB /* LaunchScreen.storyboard in Resources */,
				9A2BF0AA1F41B3FD00561ADB /* Assets.xcassets in Resources */,
				9A2BF0A81F41B3FD00561ADB /* Main.storyboard in Resources */,
			);
			runOnlyForDeploymentPostprocessing = 0;
		};
		9A2BF0B11F41B3FD00561ADB /* Resources */ = {
			isa = PBXResourcesBuildPhase;
			buildActionMask = 2147483647;
			files = (
			);
			runOnlyForDeploymentPostprocessing = 0;
		};
		9A2BF0BC1F41B3FD00561ADB /* Resources */ = {
			isa = PBXResourcesBuildPhase;
			buildActionMask = 2147483647;
			files = (
			);
			runOnlyForDeploymentPostprocessing = 0;
		};
/* End PBXResourcesBuildPhase section */

/* Begin PBXSourcesBuildPhase section */
		9A2BF09B1F41B3FD00561ADB /* Sources */ = {
			isa = PBXSourcesBuildPhase;
			buildActionMask = 2147483647;
			files = (
				9A2BF0A51F41B3FD00561ADB /* ViewController.swift in Sources */,
				9A2BF0A31F41B3FD00561ADB /* AppDelegate.swift in Sources */,
			);
			runOnlyForDeploymentPostprocessing = 0;
		};
		9A2BF0AF1F41B3FD00561ADB /* Sources */ = {
			isa = PBXSourcesBuildPhase;
			buildActionMask = 2147483647;
			files = (
				9A2BF0B81F41B3FD00561ADB /* FuWanTests.swift in Sources */,
			);
			runOnlyForDeploymentPostprocessing = 0;
		};
		9A2BF0BA1F41B3FD00561ADB /* Sources */ = {
			isa = PBXSourcesBuildPhase;
			buildActionMask = 2147483647;
			files = (
				9A2BF0C31F41B3FD00561ADB /* FuWanUITests.swift in Sources */,
			);
			runOnlyForDeploymentPostprocessing = 0;
		};
/* End PBXSourcesBuildPhase section */

/* Begin PBXTargetDependency section */
		9A2BF0B51F41B3FD00561ADB /* PBXTargetDependency */ = {
			isa = PBXTargetDependency;
			target = 9A2BF09E1F41B3FD00561ADB /* FuWan */;
			targetProxy = 9A2BF0B41F41B3FD00561ADB /* PBXContainerItemProxy */;
		};
		9A2BF0C01F41B3FD00561ADB /* PBXTargetDependency */ = {
			isa = PBXTargetDependency;
			target = 9A2BF09E1F41B3FD00561ADB /* FuWan */;
			targetProxy = 9A2BF0BF1F41B3FD00561ADB /* PBXContainerItemProxy */;
		};
/* End PBXTargetDependency section */

/* Begin PBXVariantGroup section */
		9A2BF0A61F41B3FD00561ADB /* Main.storyboard */ = {
			isa = PBXVariantGroup;
			children = (
				9A2BF0A71F41B3FD00561ADB /* Base */,
			);
			name = Main.storyboard;
			sourceTree = "<group>";
		};
		9A2BF0AB1F41B3FD00561ADB /* LaunchScreen.storyboard */ = {
			isa = PBXVariantGroup;
			children = (
				9A2BF0AC1F41B3FD00561ADB /* Base */,
			);
			name = LaunchScreen.storyboard;
			sourceTree = "<group>";
		};
/* End PBXVariantGroup section */

/* Begin XCBuildConfiguration section */
		9A2BF0C51F41B3FD00561ADB /* Debug */ = {
			isa = XCBuildConfiguration;
			buildSettings = {
				ALWAYS_SEARCH_USER_PATHS = NO;
				CLANG_ANALYZER_NONNULL = YES;
				CLANG_ANALYZER_NUMBER_OBJECT_CONVERSION = YES_AGGRESSIVE;
				CLANG_CXX_LANGUAGE_STANDARD = "gnu++0x";
				CLANG_CXX_LIBRARY = "libc++";
				CLANG_ENABLE_MODULES = YES;
				CLANG_ENABLE_OBJC_ARC = YES;
				CLANG_WARN_BOOL_CONVERSION = YES;
				CLANG_WARN_CONSTANT_CONVERSION = YES;
				CLANG_WARN_DIRECT_OBJC_ISA_USAGE = YES_ERROR;
				CLANG_WARN_DOCUMENTATION_COMMENTS = YES;
				CLANG_WARN_EMPTY_BODY = YES;
				CLANG_WARN_ENUM_CONVERSION = YES;
				CLANG_WARN_INFINITE_RECURSION = YES;
				CLANG_WARN_INT_CONVERSION = YES;
				CLANG_WARN_OBJC_ROOT_CLASS = YES_ERROR;
				CLANG_WARN_SUSPICIOUS_MOVE = YES;
				CLANG_WARN_UNREACHABLE_CODE = YES;
				CLANG_WARN__DUPLICATE_METHOD_MATCH = YES;
				"CODE_SIGN_IDENTITY[sdk=iphoneos*]" = "iPhone Developer";
				COPY_PHASE_STRIP = NO;
				DEBUG_INFORMATION_FORMAT = dwarf;
				ENABLE_STRICT_OBJC_MSGSEND = YES;
				ENABLE_TESTABILITY = YES;
				GCC_C_LANGUAGE_STANDARD = gnu99;
				GCC_DYNAMIC_NO_PIC = NO;
				GCC_NO_COMMON_BLOCKS = YES;
				GCC_OPTIMIZATION_LEVEL = 0;
				GCC_PREPROCESSOR_DEFINITIONS = (
					"DEBUG=1",
					"$(inherited)",
				);
				GCC_WARN_64_TO_32_BIT_CONVERSION = YES;
				GCC_WARN_ABOUT_RETURN_TYPE = YES_ERROR;
				GCC_WARN_UNDECLARED_SELECTOR = YES;
				GCC_WARN_UNINITIALIZED_AUTOS = YES_AGGRESSIVE;
				GCC_WARN_UNUSED_FUNCTION = YES;
				GCC_WARN_UNUSED_VARIABLE = YES;
				IPHONEOS_DEPLOYMENT_TARGET = 10.3;
				MTL_ENABLE_DEBUG_INFO = YES;
				ONLY_ACTIVE_ARCH = YES;
				SDKROOT = iphoneos;
				SWIFT_ACTIVE_COMPILATION_CONDITIONS = DEBUG;
				SWIFT_OPTIMIZATION_LEVEL = "-Onone";
			};
			name = Debug;
		};
		9A2BF0C61F41B3FD00561ADB /* Release */ = {
			isa = XCBuildConfiguration;
			buildSettings = {
				ALWAYS_SEARCH_USER_PATHS = NO;
				CLANG_ANALYZER_NONNULL = YES;
				CLANG_ANALYZER_NUMBER_OBJECT_CONVERSION = YES_AGGRESSIVE;
				CLANG_CXX_LANGUAGE_STANDARD = "gnu++0x";
				CLANG_CXX_LIBRARY = "libc++";
				CLANG_ENABLE_MODULES = YES;
				CLANG_ENABLE_OBJC_ARC = YES;
				CLANG_WARN_BOOL_CONVERSION = YES;
				CLANG_WARN_CONSTANT_CONVERSION = YES;
				CLANG_WARN_DIRECT_OBJC_ISA_USAGE = YES_ERROR;
				CLANG_WARN_DOCUMENTATION_COMMENTS = YES;
				CLANG_WARN_EMPTY_BODY = YES;
				CLANG_WARN_ENUM_CONVERSION = YES;
				CLANG_WARN_INFINITE_RECURSION = YES;
				CLANG_WARN_INT_CONVERSION = YES;
				CLANG_WARN_OBJC_ROOT_CLASS = YES_ERROR;
				CLANG_WARN_SUSPICIOUS_MOVE = YES;
				CLANG_WARN_UNREACHABLE_CODE = YES;
				CLANG_WARN__DUPLICATE_METHOD_MATCH = YES;
				"CODE_SIGN_IDENTITY[sdk=iphoneos*]" = "iPhone Developer";
				COPY_PHASE_STRIP = NO;
				DEBUG_INFORMATION_FORMAT = "dwarf-with-dsym";
				ENABLE_NS_ASSERTIONS = NO;
				ENABLE_STRICT_OBJC_MSGSEND = YES;
				GCC_C_LANGUAGE_STANDARD = gnu99;
				GCC_NO_COMMON_BLOCKS = YES;
				GCC_WARN_64_TO_32_BIT_CONVERSION = YES;
				GCC_WARN_ABOUT_RETURN_TYPE = YES_ERROR;
				GCC_WARN_UNDECLARED_SELECTOR = YES;
				GCC_WARN_UNINITIALIZED_AUTOS = YES_AGGRESSIVE;
				GCC_WARN_UNUSED_FUNCTION = YES;
				GCC_WARN_UNUSED_VARIABLE = YES;
				IPHONEOS_DEPLOYMENT_TARGET = 10.3;
				MTL_ENABLE_DEBUG_INFO = NO;
				SDKROOT = iphoneos;
				SWIFT_OPTIMIZATION_LEVEL = "-Owholemodule";
				VALIDATE_PRODUCT = YES;
			};
			name = Release;
		};
		9A2BF0C81F41B3FD00561ADB /* Debug */ = {
			isa = XCBuildConfiguration;
			buildSettings = {
				ASSETCATALOG_COMPILER_APPICON_NAME = AppIcon;
				DEVELOPMENT_TEAM = TJ953TM9QB;
				INFOPLIST_FILE = FuWan/Info.plist;
				LD_RUNPATH_SEARCH_PATHS = "$(inherited) @executable_path/Frameworks";
				PRODUCT_BUNDLE_IDENTIFIER = com.zhangxiaofei.FuWan;
				PRODUCT_NAME = "$(TARGET_NAME)";
				SWIFT_VERSION = 3.0;
			};
			name = Debug;
		};
		9A2BF0C91F41B3FD00561ADB /* Release */ = {
			isa = XCBuildConfiguration;
			buildSettings = {
				ASSETCATALOG_COMPILER_APPICON_NAME = AppIcon;
				DEVELOPMENT_TEAM = TJ953TM9QB;
				INFOPLIST_FILE = FuWan/Info.plist;
				LD_RUNPATH_SEARCH_PATHS = "$(inherited) @executable_path/Frameworks";
				PRODUCT_BUNDLE_IDENTIFIER = com.zhangxiaofei.FuWan;
				PRODUCT_NAME = "$(TARGET_NAME)";
				SWIFT_VERSION = 3.0;
			};
			name = Release;
		};
		9A2BF0CB1F41B3FD00561ADB /* Debug */ = {
			isa = XCBuildConfiguration;
			buildSettings = {
				ALWAYS_EMBED_SWIFT_STANDARD_LIBRARIES = YES;
				BUNDLE_LOADER = "$(TEST_HOST)";
				DEVELOPMENT_TEAM = TJ953TM9QB;
				INFOPLIST_FILE = FuWanTests/Info.plist;
				LD_RUNPATH_SEARCH_PATHS = "$(inherited) @executable_path/Frameworks @loader_path/Frameworks";
				PRODUCT_BUNDLE_IDENTIFIER = com.zhangxiaofei.FuWanTests;
				PRODUCT_NAME = "$(TARGET_NAME)";
				SWIFT_VERSION = 3.0;
				TEST_HOST = "$(BUILT_PRODUCTS_DIR)/FuWan.app/FuWan";
			};
			name = Debug;
		};
		9A2BF0CC1F41B3FD00561ADB /* Release */ = {
			isa = XCBuildConfiguration;
			buildSettings = {
				ALWAYS_EMBED_SWIFT_STANDARD_LIBRARIES = YES;
				BUNDLE_LOADER = "$(TEST_HOST)";
				DEVELOPMENT_TEAM = TJ953TM9QB;
				INFOPLIST_FILE = FuWanTests/Info.plist;
				LD_RUNPATH_SEARCH_PATHS = "$(inherited) @executable_path/Frameworks @loader_path/Frameworks";
				PRODUCT_BUNDLE_IDENTIFIER = com.zhangxiaofei.FuWanTests;
				PRODUCT_NAME = "$(TARGET_NAME)";
				SWIFT_VERSION = 3.0;
				TEST_HOST = "$(BUILT_PRODUCTS_DIR)/FuWan.app/FuWan";
			};
			name = Release;
		};
		9A2BF0CE1F41B3FD00561ADB /* Debug */ = {
			isa = XCBuildConfiguration;
			buildSettings = {
				ALWAYS_EMBED_SWIFT_STANDARD_LIBRARIES = YES;
				DEVELOPMENT_TEAM = TJ953TM9QB;
				INFOPLIST_FILE = FuWanUITests/Info.plist;
				LD_RUNPATH_SEARCH_PATHS = "$(inherited) @executable_path/Frameworks @loader_path/Frameworks";
				PRODUCT_BUNDLE_IDENTIFIER = com.zhangxiaofei.FuWanUITests;
				PRODUCT_NAME = "$(TARGET_NAME)";
				SWIFT_VERSION = 3.0;
				TEST_TARGET_NAME = FuWan;
			};
			name = Debug;
		};
		9A2BF0CF1F41B3FD00561ADB /* Release */ = {
			isa = XCBuildConfiguration;
			buildSettings = {
				ALWAYS_EMBED_SWIFT_STANDARD_LIBRARIES = YES;
				DEVELOPMENT_TEAM = TJ953TM9QB;
				INFOPLIST_FILE = FuWanUITests/Info.plist;
				LD_RUNPATH_SEARCH_PATHS = "$(inherited) @executable_path/Frameworks @loader_path/Frameworks";
				PRODUCT_BUNDLE_IDENTIFIER = com.zhangxiaofei.FuWanUITests;
				PRODUCT_NAME = "$(TARGET_NAME)";
				SWIFT_VERSION = 3.0;
				TEST_TARGET_NAME = FuWan;
			};
			name = Release;
		};
/* End XCBuildConfiguration section */

/* Begin XCConfigurationList section */
		9A2BF09A1F41B3FD00561ADB /* Build configuration list for PBXProject "FuWan" */ = {
			isa = XCConfigurationList;
			buildConfigurations = (
				9A2BF0C51F41B3FD00561ADB /* Debug */,
				9A2BF0C61F41B3FD00561ADB /* Release */,
			);
			defaultConfigurationIsVisible = 0;
			defaultConfigurationName = Release;
		};
		9A2BF0C71F41B3FD00561ADB /* Build configuration list for PBXNativeTarget "FuWan" */ = {
			isa = XCConfigurationList;
			buildConfigurations = (
				9A2BF0C81F41B3FD00561ADB /* Debug */,
				9A2BF0C91F41B3FD00561ADB /* Release */,
			);
			defaultConfigurationIsVisible = 0;
		};
		9A2BF0CA1F41B3FD00561ADB /* Build configuration list for PBXNativeTarget "FuWanTests" */ = {
			isa = XCConfigurationList;
			buildConfigurations = (
				9A2BF0CB1F41B3FD00561ADB /* Debug */,
				9A2BF0CC1F41B3FD00561ADB /* Release */,
			);
			defaultConfigurationIsVisible = 0;
		};
		9A2BF0CD1F41B3FD00561ADB /* Build configuration list for PBXNativeTarget "FuWanUITests" */ = {
			isa = XCConfigurationList;
			buildConfigurations = (
				9A2BF0CE1F41B3FD00561ADB /* Debug */,
				9A2BF0CF1F41B3FD00561ADB /* Release */,
			);
			defaultConfigurationIsVisible = 0;
		};
/* End XCConfigurationList section */
	};
	rootObject = 9A2BF0971F41B3FD00561ADB /* Project object */;
}
